
Microsoft Visual Studio Solution File, Format Version 12.00
# Visual Studio 15
Project("{FAE04EC0-301F-11D3-BF4B-00C04F79EFBC}") = "JOHNNYbeGOOD.Home.FeedingManager", "JOHNNYbeGOOD.Home.FeedingManager\JOHNNYbeGOOD.Home.FeedingManager.csproj", "{C003569F-E244-4BF4-A0FA-5270B4706BB3}"
EndProject
Project("{FAE04EC0-301F-11D3-BF4B-00C04F79EFBC}") = "JOHNNYbeGOOD.Home", "JOHNNYbeGOOD.Home\JOHNNYbeGOOD.Home.csproj", "{258FA841-3D47-4FC3-8917-54BFD9F18945}"
EndProject
Project("{FAE04EC0-301F-11D3-BF4B-00C04F79EFBC}") = "JOHHNYbeGOOD.Home.Engines", "JOHHNYbeGOOD.Home.Engines\JOHHNYbeGOOD.Home.Engines.csproj", "{C33A6B29-5612-4546-B0B0-EB66BA3FAA7F}"
EndProject
Project("{2150E333-8FDC-42A3-9474-1A3956D46DE8}") = "Tests", "Tests", "{3AB912BD-4DE1-4766-9A8B-2D1E96AE7AE3}"
EndProject
Project("{FAE04EC0-301F-11D3-BF4B-00C04F79EFBC}") = "JOHNNYbeGOOD.Home.Tests.UnitTests", "..\tests\JOHNNYbeGOOD.Home.Tests.UnitTests\JOHNNYbeGOOD.Home.Tests.UnitTests.csproj", "{5AE84357-441B-44AB-9A41-5E4B10C6B7BB}"
EndProject
Project("{FAE04EC0-301F-11D3-BF4B-00C04F79EFBC}") = "JOHHNYbeGOOD.Home.Resources", "JOHHNYbeGOOD.Home.Resources\JOHHNYbeGOOD.Home.Resources.csproj", "{361FA931-276D-45C1-8BE5-A9AAE6348DF0}"
EndProject
Project("{FAE04EC0-301F-11D3-BF4B-00C04F79EFBC}") = "JOHNNYbeGOOD.Home.Api", "JOHNNYbeGOOD.Home.Api\JOHNNYbeGOOD.Home.Api.csproj", "{EF8326E9-DE64-4965-929A-BF49C96087E2}"
EndProject
Project("{FAE04EC0-301F-11D3-BF4B-00C04F79EFBC}") = "JOHNNYbeGOOD.Home.Client", "JOHNNYbeGOOD.Home.Client\JOHNNYbeGOOD.Home.Client.csproj", "{7579C5B6-E61A-4EEA-BD6C-9D5196228B6E}"
EndProject
Global
	GlobalSection(SolutionConfigurationPlatforms) = preSolution
		Debug|Any CPU = Debug|Any CPU
		Release|Any CPU = Release|Any CPU
	EndGlobalSection
	GlobalSection(ProjectConfigurationPlatforms) = postSolution
		{C003569F-E244-4BF4-A0FA-5270B4706BB3}.Debug|Any CPU.ActiveCfg = Debug|Any CPU
		{C003569F-E244-4BF4-A0FA-5270B4706BB3}.Debug|Any CPU.Build.0 = Debug|Any CPU
		{C003569F-E244-4BF4-A0FA-5270B4706BB3}.Release|Any CPU.ActiveCfg = Release|Any CPU
		{C003569F-E244-4BF4-A0FA-5270B4706BB3}.Release|Any CPU.Build.0 = Release|Any CPU
		{258FA841-3D47-4FC3-8917-54BFD9F18945}.Debug|Any CPU.ActiveCfg = Debug|Any CPU
		{258FA841-3D47-4FC3-8917-54BFD9F18945}.Debug|Any CPU.Build.0 = Debug|Any CPU
		{258FA841-3D47-4FC3-8917-54BFD9F18945}.Release|Any CPU.ActiveCfg = Release|Any CPU
		{258FA841-3D47-4FC3-8917-54BFD9F18945}.Release|Any CPU.Build.0 = Release|Any CPU
		{C33A6B29-5612-4546-B0B0-EB66BA3FAA7F}.Debug|Any CPU.ActiveCfg = Debug|Any CPU
		{C33A6B29-5612-4546-B0B0-EB66BA3FAA7F}.Debug|Any CPU.Build.0 = Debug|Any CPU
		{C33A6B29-5612-4546-B0B0-EB66BA3FAA7F}.Release|Any CPU.ActiveCfg = Release|Any CPU
		{C33A6B29-5612-4546-B0B0-EB66BA3FAA7F}.Release|Any CPU.Build.0 = Release|Any CPU
		{5AE84357-441B-44AB-9A41-5E4B10C6B7BB}.Debug|Any CPU.ActiveCfg = Debug|Any CPU
		{5AE84357-441B-44AB-9A41-5E4B10C6B7BB}.Debug|Any CPU.Build.0 = Debug|Any CPU
		{5AE84357-441B-44AB-9A41-5E4B10C6B7BB}.Release|Any CPU.ActiveCfg = Release|Any CPU
		{5AE84357-441B-44AB-9A41-5E4B10C6B7BB}.Release|Any CPU.Build.0 = Release|Any CPU
		{361FA931-276D-45C1-8BE5-A9AAE6348DF0}.Debug|Any CPU.ActiveCfg = Debug|Any CPU
		{361FA931-276D-45C1-8BE5-A9AAE6348DF0}.Debug|Any CPU.Build.0 = Debug|Any CPU
		{361FA931-276D-45C1-8BE5-A9AAE6348DF0}.Release|Any CPU.ActiveCfg = Release|Any CPU
		{361FA931-276D-45C1-8BE5-A9AAE6348DF0}.Release|Any CPU.Build.0 = Release|Any CPU
		{EF8326E9-DE64-4965-929A-BF49C96087E2}.Debug|Any CPU.ActiveCfg = Debug|Any CPU
		{EF8326E9-DE64-4965-929A-BF49C96087E2}.Debug|Any CPU.Build.0 = Debug|Any CPU
		{EF8326E9-DE64-4965-929A-BF49C96087E2}.Release|Any CPU.ActiveCfg = Release|Any CPU
		{EF8326E9-DE64-4965-929A-BF49C96087E2}.Release|Any CPU.Build.0 = Release|Any CPU
		{7579C5B6-E61A-4EEA-BD6C-9D5196228B6E}.Debug|Any CPU.ActiveCfg = Debug|Any CPU
		{7579C5B6-E61A-4EEA-BD6C-9D5196228B6E}.Debug|Any CPU.Build.0 = Debug|Any CPU
		{7579C5B6-E61A-4EEA-BD6C-9D5196228B6E}.Release|Any CPU.ActiveCfg = Release|Any CPU
		{7579C5B6-E61A-4EEA-BD6C-9D5196228B6E}.Release|Any CPU.Build.0 = Release|Any CPU
	EndGlobalSection
	GlobalSection(NestedProjects) = preSolution
		{5AE84357-441B-44AB-9A41-5E4B10C6B7BB} = {3AB912BD-4DE1-4766-9A8B-2D1E96AE7AE3}
	EndGlobalSection
EndGlobal
